
Microsoft Visual Studio Solution File, Format Version 12.00
# Visual Studio 15
VisualStudioVersion = 15.0.26124.0
MinimumVisualStudioVersion = 15.0.26124.0
Project("{2150E333-8FDC-42A3-9474-1A3956D46DE8}") = "src", "src", "{EE3BCB4E-406B-4A29-808A-38BEEC7C6B73}"
EndProject
Project("{FAE04EC0-301F-11D3-BF4B-00C04F79EFBC}") = "VolvoTruck.Domain", "src\VolvoTruck.Domain\VolvoTruck.Domain.csproj", "{BB7F34BE-1BA0-44D3-A477-0C3295A12CEF}"
EndProject
Project("{FAE04EC0-301F-11D3-BF4B-00C04F79EFBC}") = "VolvoTruck.Data", "src\VolvoTruck.Data\VolvoTruck.Data.csproj", "{EE5A4F00-0B66-4F5A-879D-D8B55C3E19B0}"
EndProject
Project("{FAE04EC0-301F-11D3-BF4B-00C04F79EFBC}") = "VolvoTruck.Web", "src\VolvoTruck.Web\VolvoTruck.Web.csproj", "{4E901A34-8474-46DB-9844-8671DD06B391}"
EndProject
Project("{FAE04EC0-301F-11D3-BF4B-00C04F79EFBC}") = "VolvoTruck.DI", "src\VolvoTruck.DI\VolvoTruck.DI.csproj", "{6ED7804D-1128-4F2F-A1C2-93D295A0107A}"
EndProject
Project("{FAE04EC0-301F-11D3-BF4B-00C04F79EFBC}") = "VolvoTruck.Business", "src\VolvoTruck.Business\VolvoTruck.Business.csproj", "{6A727124-A2F9-4722-9FB8-07970107202E}"
EndProject
Global
	GlobalSection(SolutionConfigurationPlatforms) = preSolution
		Debug|Any CPU = Debug|Any CPU
		Debug|x64 = Debug|x64
		Debug|x86 = Debug|x86
		Release|Any CPU = Release|Any CPU
		Release|x64 = Release|x64
		Release|x86 = Release|x86
	EndGlobalSection
	GlobalSection(SolutionProperties) = preSolution
		HideSolutionNode = FALSE
	EndGlobalSection
	GlobalSection(ProjectConfigurationPlatforms) = postSolution
		{BB7F34BE-1BA0-44D3-A477-0C3295A12CEF}.Debug|Any CPU.ActiveCfg = Debug|Any CPU
		{BB7F34BE-1BA0-44D3-A477-0C3295A12CEF}.Debug|Any CPU.Build.0 = Debug|Any CPU
		{BB7F34BE-1BA0-44D3-A477-0C3295A12CEF}.Debug|x64.ActiveCfg = Debug|Any CPU
		{BB7F34BE-1BA0-44D3-A477-0C3295A12CEF}.Debug|x64.Build.0 = Debug|Any CPU
		{BB7F34BE-1BA0-44D3-A477-0C3295A12CEF}.Debug|x86.ActiveCfg = Debug|Any CPU
		{BB7F34BE-1BA0-44D3-A477-0C3295A12CEF}.Debug|x86.Build.0 = Debug|Any CPU
		{BB7F34BE-1BA0-44D3-A477-0C3295A12CEF}.Release|Any CPU.ActiveCfg = Release|Any CPU
		{BB7F34BE-1BA0-44D3-A477-0C3295A12CEF}.Release|Any CPU.Build.0 = Release|Any CPU
		{BB7F34BE-1BA0-44D3-A477-0C3295A12CEF}.Release|x64.ActiveCfg = Release|Any CPU
		{BB7F34BE-1BA0-44D3-A477-0C3295A12CEF}.Release|x64.Build.0 = Release|Any CPU
		{BB7F34BE-1BA0-44D3-A477-0C3295A12CEF}.Release|x86.ActiveCfg = Release|Any CPU
		{BB7F34BE-1BA0-44D3-A477-0C3295A12CEF}.Release|x86.Build.0 = Release|Any CPU
		{EE5A4F00-0B66-4F5A-879D-D8B55C3E19B0}.Debug|Any CPU.ActiveCfg = Debug|Any CPU
		{EE5A4F00-0B66-4F5A-879D-D8B55C3E19B0}.Debug|Any CPU.Build.0 = Debug|Any CPU
		{EE5A4F00-0B66-4F5A-879D-D8B55C3E19B0}.Debug|x64.ActiveCfg = Debug|Any CPU
		{EE5A4F00-0B66-4F5A-879D-D8B55C3E19B0}.Debug|x64.Build.0 = Debug|Any CPU
		{EE5A4F00-0B66-4F5A-879D-D8B55C3E19B0}.Debug|x86.ActiveCfg = Debug|Any CPU
		{EE5A4F00-0B66-4F5A-879D-D8B55C3E19B0}.Debug|x86.Build.0 = Debug|Any CPU
		{EE5A4F00-0B66-4F5A-879D-D8B55C3E19B0}.Release|Any CPU.ActiveCfg = Release|Any CPU
		{EE5A4F00-0B66-4F5A-879D-D8B55C3E19B0}.Release|Any CPU.Build.0 = Release|Any CPU
		{EE5A4F00-0B66-4F5A-879D-D8B55C3E19B0}.Release|x64.ActiveCfg = Release|Any CPU
		{EE5A4F00-0B66-4F5A-879D-D8B55C3E19B0}.Release|x64.Build.0 = Release|Any CPU
		{EE5A4F00-0B66-4F5A-879D-D8B55C3E19B0}.Release|x86.ActiveCfg = Release|Any CPU
		{EE5A4F00-0B66-4F5A-879D-D8B55C3E19B0}.Release|x86.Build.0 = Release|Any CPU
		{4E901A34-8474-46DB-9844-8671DD06B391}.Debug|Any CPU.ActiveCfg = Debug|Any CPU
		{4E901A34-8474-46DB-9844-8671DD06B391}.Debug|Any CPU.Build.0 = Debug|Any CPU
		{4E901A34-8474-46DB-9844-8671DD06B391}.Debug|x64.ActiveCfg = Debug|Any CPU
		{4E901A34-8474-46DB-9844-8671DD06B391}.Debug|x64.Build.0 = Debug|Any CPU
		{4E901A34-8474-46DB-9844-8671DD06B391}.Debug|x86.ActiveCfg = Debug|Any CPU
		{4E901A34-8474-46DB-9844-8671DD06B391}.Debug|x86.Build.0 = Debug|Any CPU
		{4E901A34-8474-46DB-9844-8671DD06B391}.Release|Any CPU.ActiveCfg = Release|Any CPU
		{4E901A34-8474-46DB-9844-8671DD06B391}.Release|Any CPU.Build.0 = Release|Any CPU
		{4E901A34-8474-46DB-9844-8671DD06B391}.Release|x64.ActiveCfg = Release|Any CPU
		{4E901A34-8474-46DB-9844-8671DD06B391}.Release|x64.Build.0 = Release|Any CPU
		{4E901A34-8474-46DB-9844-8671DD06B391}.Release|x86.ActiveCfg = Release|Any CPU
		{4E901A34-8474-46DB-9844-8671DD06B391}.Release|x86.Build.0 = Release|Any CPU
		{6ED7804D-1128-4F2F-A1C2-93D295A0107A}.Debug|Any CPU.ActiveCfg = Debug|Any CPU
		{6ED7804D-1128-4F2F-A1C2-93D295A0107A}.Debug|Any CPU.Build.0 = Debug|Any CPU
		{6ED7804D-1128-4F2F-A1C2-93D295A0107A}.Debug|x64.ActiveCfg = Debug|Any CPU
		{6ED7804D-1128-4F2F-A1C2-93D295A0107A}.Debug|x64.Build.0 = Debug|Any CPU
		{6ED7804D-1128-4F2F-A1C2-93D295A0107A}.Debug|x86.ActiveCfg = Debug|Any CPU
		{6ED7804D-1128-4F2F-A1C2-93D295A0107A}.Debug|x86.Build.0 = Debug|Any CPU
		{6ED7804D-1128-4F2F-A1C2-93D295A0107A}.Release|Any CPU.ActiveCfg = Release|Any CPU
		{6ED7804D-1128-4F2F-A1C2-93D295A0107A}.Release|Any CPU.Build.0 = Release|Any CPU
		{6ED7804D-1128-4F2F-A1C2-93D295A0107A}.Release|x64.ActiveCfg = Release|Any CPU
		{6ED7804D-1128-4F2F-A1C2-93D295A0107A}.Release|x64.Build.0 = Release|Any CPU
		{6ED7804D-1128-4F2F-A1C2-93D295A0107A}.Release|x86.ActiveCfg = Release|Any CPU
		{6ED7804D-1128-4F2F-A1C2-93D295A0107A}.Release|x86.Build.0 = Release|Any CPU
		{6A727124-A2F9-4722-9FB8-07970107202E}.Debug|Any CPU.ActiveCfg = Debug|Any CPU
		{6A727124-A2F9-4722-9FB8-07970107202E}.Debug|Any CPU.Build.0 = Debug|Any CPU
		{6A727124-A2F9-4722-9FB8-07970107202E}.Debug|x64.ActiveCfg = Debug|Any CPU
		{6A727124-A2F9-4722-9FB8-07970107202E}.Debug|x64.Build.0 = Debug|Any CPU
		{6A727124-A2F9-4722-9FB8-07970107202E}.Debug|x86.ActiveCfg = Debug|Any CPU
		{6A727124-A2F9-4722-9FB8-07970107202E}.Debug|x86.Build.0 = Debug|Any CPU
		{6A727124-A2F9-4722-9FB8-07970107202E}.Release|Any CPU.ActiveCfg = Release|Any CPU
		{6A727124-A2F9-4722-9FB8-07970107202E}.Release|Any CPU.Build.0 = Release|Any CPU
		{6A727124-A2F9-4722-9FB8-07970107202E}.Release|x64.ActiveCfg = Release|Any CPU
		{6A727124-A2F9-4722-9FB8-07970107202E}.Release|x64.Build.0 = Release|Any CPU
		{6A727124-A2F9-4722-9FB8-07970107202E}.Release|x86.ActiveCfg = Release|Any CPU
		{6A727124-A2F9-4722-9FB8-07970107202E}.Release|x86.Build.0 = Release|Any CPU
	EndGlobalSection
	GlobalSection(NestedProjects) = preSolution
		{BB7F34BE-1BA0-44D3-A477-0C3295A12CEF} = {EE3BCB4E-406B-4A29-808A-38BEEC7C6B73}
		{EE5A4F00-0B66-4F5A-879D-D8B55C3E19B0} = {EE3BCB4E-406B-4A29-808A-38BEEC7C6B73}
		{4E901A34-8474-46DB-9844-8671DD06B391} = {EE3BCB4E-406B-4A29-808A-38BEEC7C6B73}
		{6ED7804D-1128-4F2F-A1C2-93D295A0107A} = {EE3BCB4E-406B-4A29-808A-38BEEC7C6B73}
		{6A727124-A2F9-4722-9FB8-07970107202E} = {EE3BCB4E-406B-4A29-808A-38BEEC7C6B73}
	EndGlobalSection
EndGlobal
